
Microsoft Visual Studio Solution File, Format Version 12.00
# Visual Studio 15
VisualStudioVersion = 15.0.28307.1062
MinimumVisualStudioVersion = 10.0.40219.1
Project("{8BC9CEB8-8B4A-11D0-8D11-00A0C91BC942}") = "WindowsProject1", "WindowsProject1\WindowsProject1.vcxproj", "{7A58EDF7-D51B-497D-8144-E853E8130636}"
EndProject
Global
	GlobalSection(SolutionConfigurationPlatforms) = preSolution
		Debug|x64 = Debug|x64
		Debug|x86 = Debug|x86
		Release|x64 = Release|x64
		Release|x86 = Release|x86
	EndGlobalSection
	GlobalSection(ProjectConfigurationPlatforms) = postSolution
		{7A58EDF7-D51B-497D-8144-E853E8130636}.Debug|x64.ActiveCfg = Debug|x64
		{7A58EDF7-D51B-497D-8144-E853E8130636}.Debug|x64.Build.0 = Debug|x64
		{7A58EDF7-D51B-497D-8144-E853E8130636}.Debug|x86.ActiveCfg = Debug|Win32
		{7A58EDF7-D51B-497D-8144-E853E8130636}.Debug|x86.Build.0 = Debug|Win32
		{7A58EDF7-D51B-497D-8144-E853E8130636}.Release|x64.ActiveCfg = Release|x64
		{7A58EDF7-D51B-497D-8144-E853E8130636}.Release|x64.Build.0 = Release|x64
		{7A58EDF7-D51B-497D-8144-E853E8130636}.Release|x86.ActiveCfg = Release|Win32
		{7A58EDF7-D51B-497D-8144-E853E8130636}.Release|x86.Build.0 = Release|Win32
	EndGlobalSection
	GlobalSection(SolutionProperties) = preSolution
		HideSolutionNode = FALSE
	EndGlobalSection
	GlobalSection(ExtensibilityGlobals) = postSolution
		SolutionGuid = {DAFF791A-8BF7-4256-9163-F6AD8B51B0FB}
	EndGlobalSection
EndGlobal
